{
  "name": "landing",
  "version": "0.1.0",
  "lockfileVersion": 3,
  "requires": true,
  "packages": {
    "": {
      "name": "landing",
      "version": "0.1.0",
      "dependencies": {
        "next": "13.5.4",
        "react": "^18",
        "react-dom": "^18",
        "react-markdown": "^9.0.0"
      },
      "devDependencies": {
        "@types/node": "^20",
        "@types/react": "^18",
        "@types/react-dom": "^18",
        "typescript": "^5"
      }
    },
    "node_modules/@next/env": {
      "version": "13.5.4",
      "resolved": "https://registry.npmjs.org/@next/env/-/env-13.5.4.tgz",
      "integrity": "sha512-LGegJkMvRNw90WWphGJ3RMHMVplYcOfRWf2Be3td3sUa+1AaxmsYyANsA+znrGCBjXJNi4XAQlSoEfUxs/4kIQ=="
    },
    "node_modules/@next/swc-darwin-arm64": {
      "version": "13.5.4",
      "resolved": "https://registry.npmjs.org/@next/swc-darwin-arm64/-/swc-darwin-arm64-13.5.4.tgz",
      "integrity": "sha512-Df8SHuXgF1p+aonBMcDPEsaahNo2TCwuie7VXED4FVyECvdXfRT9unapm54NssV9tF3OQFKBFOdlje4T43VO0w==",
      "cpu": [
        "arm64"
      ],
      "optional": true,
      "os": [
        "darwin"
      ],
      "engines": {
        "node": ">= 10"
      }
    },
    "node_modules/@next/swc-darwin-x64": {
      "version": "13.5.4",
      "resolved": "https://registry.npmjs.org/@next/swc-darwin-x64/-/swc-darwin-x64-13.5.4.tgz",
      "integrity": "sha512-siPuUwO45PnNRMeZnSa8n/Lye5ZX93IJom9wQRB5DEOdFrw0JjOMu1GINB8jAEdwa7Vdyn1oJ2xGNaQpdQQ9Pw==",
      "cpu": [
        "x64"
      ],
      "optional": true,
      "os": [
        "darwin"
      ],
      "engines": {
        "node": ">= 10"
      }
    },
    "node_modules/@next/swc-linux-arm64-gnu": {
      "version": "13.5.4",
      "resolved": "https://registry.npmjs.org/@next/swc-linux-arm64-gnu/-/swc-linux-arm64-gnu-13.5.4.tgz",
      "integrity": "sha512-l/k/fvRP/zmB2jkFMfefmFkyZbDkYW0mRM/LB+tH5u9pB98WsHXC0WvDHlGCYp3CH/jlkJPL7gN8nkTQVrQ/2w==",
      "cpu": [
        "arm64"
      ],
      "optional": true,
      "os": [
        "linux"
      ],
      "engines": {
        "node": ">= 10"
      }
    },
    "node_modules/@next/swc-linux-arm64-musl": {
      "version": "13.5.4",
      "resolved": "https://registry.npmjs.org/@next/swc-linux-arm64-musl/-/swc-linux-arm64-musl-13.5.4.tgz",
      "integrity": "sha512-YYGb7SlLkI+XqfQa8VPErljb7k9nUnhhRrVaOdfJNCaQnHBcvbT7cx/UjDQLdleJcfyg1Hkn5YSSIeVfjgmkTg==",
      "cpu": [
        "arm64"
      ],
      "optional": true,
      "os": [
        "linux"
      ],
      "engines": {
        "node": ">= 10"
      }
    },
    "node_modules/@next/swc-linux-x64-gnu": {
      "version": "13.5.4",
      "resolved": "https://registry.npmjs.org/@next/swc-linux-x64-gnu/-/swc-linux-x64-gnu-13.5.4.tgz",
      "integrity": "sha512-uE61vyUSClnCH18YHjA8tE1prr/PBFlBFhxBZis4XBRJoR+txAky5d7gGNUIbQ8sZZ7LVkSVgm/5Fc7mwXmRAg==",
      "cpu": [
        "x64"
      ],
      "optional": true,
      "os": [
        "linux"
      ],
      "engines": {
        "node": ">= 10"
      }
    },
    "node_modules/@next/swc-linux-x64-musl": {
      "version": "13.5.4",
      "resolved": "https://registry.npmjs.org/@next/swc-linux-x64-musl/-/swc-linux-x64-musl-13.5.4.tgz",
      "integrity": "sha512-qVEKFYML/GvJSy9CfYqAdUexA6M5AklYcQCW+8JECmkQHGoPxCf04iMh7CPR7wkHyWWK+XLt4Ja7hhsPJtSnhg==",
      "cpu": [
        "x64"
      ],
      "optional": true,
      "os": [
        "linux"
      ],
      "engines": {
        "node": ">= 10"
      }
    },
    "node_modules/@next/swc-win32-arm64-msvc": {
      "version": "13.5.4",
      "resolved": "https://registry.npmjs.org/@next/swc-win32-arm64-msvc/-/swc-win32-arm64-msvc-13.5.4.tgz",
      "integrity": "sha512-mDSQfqxAlfpeZOLPxLymZkX0hYF3juN57W6vFHTvwKlnHfmh12Pt7hPIRLYIShk8uYRsKPtMTth/EzpwRI+u8w==",
      "cpu": [
        "arm64"
      ],
      "optional": true,
      "os": [
        "win32"
      ],
      "engines": {
        "node": ">= 10"
      }
    },
    "node_modules/@next/swc-win32-ia32-msvc": {
      "version": "13.5.4",
      "resolved": "https://registry.npmjs.org/@next/swc-win32-ia32-msvc/-/swc-win32-ia32-msvc-13.5.4.tgz",
      "integrity": "sha512-aoqAT2XIekIWoriwzOmGFAvTtVY5O7JjV21giozBTP5c6uZhpvTWRbmHXbmsjZqY4HnEZQRXWkSAppsIBweKqw==",
      "cpu": [
        "ia32"
      ],
      "optional": true,
      "os": [
        "win32"
      ],
      "engines": {
        "node": ">= 10"
      }
    },
    "node_modules/@next/swc-win32-x64-msvc": {
      "version": "13.5.4",
      "resolved": "https://registry.npmjs.org/@next/swc-win32-x64-msvc/-/swc-win32-x64-msvc-13.5.4.tgz",
      "integrity": "sha512-cyRvlAxwlddlqeB9xtPSfNSCRy8BOa4wtMo0IuI9P7Y0XT2qpDrpFKRyZ7kUngZis59mPVla5k8X1oOJ8RxDYg==",
      "cpu": [
        "x64"
      ],
      "optional": true,
      "os": [
        "win32"
      ],
      "engines": {
        "node": ">= 10"
      }
    },
    "node_modules/@swc/helpers": {
      "version": "0.5.2",
      "resolved": "https://registry.npmjs.org/@swc/helpers/-/helpers-0.5.2.tgz",
      "integrity": "sha512-E4KcWTpoLHqwPHLxidpOqQbcrZVgi0rsmmZXUle1jXmJfuIf/UWpczUJ7MZZ5tlxytgJXyp0w4PGkkeLiuIdZw==",
      "dependencies": {
        "tslib": "^2.4.0"
      }
    },
    "node_modules/@types/debug": {
      "version": "4.1.9",
      "resolved": "https://registry.npmjs.org/@types/debug/-/debug-4.1.9.tgz",
      "integrity": "sha512-8Hz50m2eoS56ldRlepxSBa6PWEVCtzUo/92HgLc2qTMnotJNIm7xP+UZhyWoYsyOdd5dxZ+NZLb24rsKyFs2ow==",
      "dependencies": {
        "@types/ms": "*"
      }
    },
    "node_modules/@types/hast": {
      "version": "3.0.1",
      "resolved": "https://registry.npmjs.org/@types/hast/-/hast-3.0.1.tgz",
      "integrity": "sha512-hs/iBJx2aydugBQx5ETV3ZgeSS0oIreQrFJ4bjBl0XvM4wAmDjFEALY7p0rTSLt2eL+ibjRAAs9dTPiCLtmbqQ==",
      "dependencies": {
        "@types/unist": "*"
      }
    },
    "node_modules/@types/mdast": {
      "version": "4.0.1",
      "resolved": "https://registry.npmjs.org/@types/mdast/-/mdast-4.0.1.tgz",
      "integrity": "sha512-IlKct1rUTJ1T81d8OHzyop15kGv9A/ff7Gz7IJgrk6jDb4Udw77pCJ+vq8oxZf4Ghpm+616+i1s/LNg/Vh7d+g==",
      "dependencies": {
        "@types/unist": "*"
      }
    },
    "node_modules/@types/ms": {
      "version": "0.7.32",
      "resolved": "https://registry.npmjs.org/@types/ms/-/ms-0.7.32.tgz",
      "integrity": "sha512-xPSg0jm4mqgEkNhowKgZFBNtwoEwF6gJ4Dhww+GFpm3IgtNseHQZ5IqdNwnquZEoANxyDAKDRAdVo4Z72VvD/g=="
    },
    "node_modules/@types/node": {
      "version": "20.8.2",
      "resolved": "https://registry.npmjs.org/@types/node/-/node-20.8.2.tgz",
      "integrity": "sha512-Vvycsc9FQdwhxE3y3DzeIxuEJbWGDsnrxvMADzTDF/lcdR9/K+AQIeAghTQsHtotg/q0j3WEOYS/jQgSdWue3w==",
      "dev": true
    },
    "node_modules/@types/prop-types": {
      "version": "15.7.8",
      "resolved": "https://registry.npmjs.org/@types/prop-types/-/prop-types-15.7.8.tgz",
      "integrity": "sha512-kMpQpfZKSCBqltAJwskgePRaYRFukDkm1oItcAbC3gNELR20XIBcN9VRgg4+m8DKsTfkWeA4m4Imp4DDuWy7FQ=="
    },
    "node_modules/@types/react": {
      "version": "18.2.24",
      "resolved": "https://registry.npmjs.org/@types/react/-/react-18.2.24.tgz",
      "integrity": "sha512-Ee0Jt4sbJxMu1iDcetZEIKQr99J1Zfb6D4F3qfUWoR1JpInkY1Wdg4WwCyBjL257D0+jGqSl1twBjV8iCaC0Aw==",
      "dependencies": {
        "@types/prop-types": "*",
        "@types/scheduler": "*",
        "csstype": "^3.0.2"
      }
    },
    "node_modules/@types/react-dom": {
      "version": "18.2.9",
      "resolved": "https://registry.npmjs.org/@types/react-dom/-/react-dom-18.2.9.tgz",
      "integrity": "sha512-6nNhVzZ9joQ6F7lozrASuQKC0Kf6ArYMU+DqA2ZrUbB+d+9lC6ZLn1GxiEBI1edmAwvTULtuJ6uPZpv3XudwUg==",
      "dev": true,
      "dependencies": {
        "@types/react": "*"
      }
    },
    "node_modules/@types/scheduler": {
      "version": "0.16.4",
      "resolved": "https://registry.npmjs.org/@types/scheduler/-/scheduler-0.16.4.tgz",
      "integrity": "sha512-2L9ifAGl7wmXwP4v3pN4p2FLhD0O1qsJpvKmNin5VA8+UvNVb447UDaAEV6UdrkA+m/Xs58U1RFps44x6TFsVQ=="
    },
    "node_modules/@types/unist": {
      "version": "3.0.0",
      "resolved": "https://registry.npmjs.org/@types/unist/-/unist-3.0.0.tgz",
      "integrity": "sha512-MFETx3tbTjE7Uk6vvnWINA/1iJ7LuMdO4fcq8UfF0pRbj01aGLduVvQcRyswuACJdpnHgg8E3rQLhaRdNEJS0w=="
    },
    "node_modules/@ungap/structured-clone": {
      "version": "1.2.0",
      "resolved": "https://registry.npmjs.org/@ungap/structured-clone/-/structured-clone-1.2.0.tgz",
      "integrity": "sha512-zuVdFrMJiuCDQUMCzQaD6KL28MjnqqN8XnAqiEq9PNm/hCPTSGfrXCOfwj1ow4LFb/tNymJPwsNbVePc1xFqrQ=="
    },
    "node_modules/bail": {
      "version": "2.0.2",
      "resolved": "https://registry.npmjs.org/bail/-/bail-2.0.2.tgz",
      "integrity": "sha512-0xO6mYd7JB2YesxDKplafRpsiOzPt9V02ddPCLbY1xYGPOX24NTyN50qnUxgCPcSoYMhKpAuBTjQoRZCAkUDRw==",
      "funding": {
        "type": "github",
        "url": "https://github.com/sponsors/wooorm"
      }
    },
    "node_modules/busboy": {
      "version": "1.6.0",
      "resolved": "https://registry.npmjs.org/busboy/-/busboy-1.6.0.tgz",
      "integrity": "sha512-8SFQbg/0hQ9xy3UNTB0YEnsNBbWfhf7RtnzpL7TkBiTBRfrQ9Fxcnz7VJsleJpyp6rVLvXiuORqjlHi5q+PYuA==",
      "dependencies": {
        "streamsearch": "^1.1.0"
      },
      "engines": {
        "node": ">=10.16.0"
      }
    },
    "node_modules/caniuse-lite": {
      "version": "1.0.30001543",
      "resolved": "https://registry.npmjs.org/caniuse-lite/-/caniuse-lite-1.0.30001543.tgz",
      "integrity": "sha512-qxdO8KPWPQ+Zk6bvNpPeQIOH47qZSYdFZd6dXQzb2KzhnSXju4Kd7H1PkSJx6NICSMgo/IhRZRhhfPTHYpJUCA==",
      "funding": [
        {
          "type": "opencollective",
          "url": "https://opencollective.com/browserslist"
        },
        {
          "type": "tidelift",
          "url": "https://tidelift.com/funding/github/npm/caniuse-lite"
        },
        {
          "type": "github",
          "url": "https://github.com/sponsors/ai"
        }
      ]
    },
    "node_modules/character-entities": {
      "version": "2.0.2",
      "resolved": "https://registry.npmjs.org/character-entities/-/character-entities-2.0.2.tgz",
      "integrity": "sha512-shx7oQ0Awen/BRIdkjkvz54PnEEI/EjwXDSIZp86/KKdbafHh1Df/RYGBhn4hbe2+uKC9FnT5UCEdyPz3ai9hQ==",
      "funding": {
        "type": "github",
        "url": "https://github.com/sponsors/wooorm"
      }
    },
    "node_modules/client-only": {
      "version": "0.0.1",
      "resolved": "https://registry.npmjs.org/client-only/-/client-only-0.0.1.tgz",
      "integrity": "sha512-IV3Ou0jSMzZrd3pZ48nLkT9DA7Ag1pnPzaiQhpW7c3RbcqqzvzzVu+L8gfqMp/8IM2MQtSiqaCxrrcfu8I8rMA=="
    },
    "node_modules/comma-separated-tokens": {
      "version": "2.0.3",
      "resolved": "https://registry.npmjs.org/comma-separated-tokens/-/comma-separated-tokens-2.0.3.tgz",
      "integrity": "sha512-Fu4hJdvzeylCfQPp9SGWidpzrMs7tTrlu6Vb8XGaRGck8QSNZJJp538Wrb60Lax4fPwR64ViY468OIUTbRlGZg==",
      "funding": {
        "type": "github",
        "url": "https://github.com/sponsors/wooorm"
      }
    },
    "node_modules/csstype": {
      "version": "3.1.2",
      "resolved": "https://registry.npmjs.org/csstype/-/csstype-3.1.2.tgz",
      "integrity": "sha512-I7K1Uu0MBPzaFKg4nI5Q7Vs2t+3gWWW648spaF+Rg7pI9ds18Ugn+lvg4SHczUdKlHI5LWBXyqfS8+DufyBsgQ=="
    },
    "node_modules/debug": {
      "version": "4.3.4",
      "resolved": "https://registry.npmjs.org/debug/-/debug-4.3.4.tgz",
      "integrity": "sha512-PRWFHuSU3eDtQJPvnNY7Jcket1j0t5OuOsFzPPzsekD52Zl8qUfFIPEiswXqIvHWGVHOgX+7G/vCNNhehwxfkQ==",
      "dependencies": {
        "ms": "2.1.2"
      },
      "engines": {
        "node": ">=6.0"
      },
      "peerDependenciesMeta": {
        "supports-color": {
          "optional": true
        }
      }
    },
    "node_modules/decode-named-character-reference": {
      "version": "1.0.2",
      "resolved": "https://registry.npmjs.org/decode-named-character-reference/-/decode-named-character-reference-1.0.2.tgz",
      "integrity": "sha512-O8x12RzrUF8xyVcY0KJowWsmaJxQbmy0/EtnNtHRpsOcT7dFk5W598coHqBVpmWo1oQQfsCqfCmkZN5DJrZVdg==",
      "dependencies": {
        "character-entities": "^2.0.0"
      },
      "funding": {
        "type": "github",
        "url": "https://github.com/sponsors/wooorm"
      }
    },
    "node_modules/dequal": {
      "version": "2.0.3",
      "resolved": "https://registry.npmjs.org/dequal/-/dequal-2.0.3.tgz",
      "integrity": "sha512-0je+qPKHEMohvfRTCEo3CrPG6cAzAYgmzKyxRiYSSDkS6eGJdyVJm7WaYA5ECaAD9wLB2T4EEeymA5aFVcYXCA==",
      "engines": {
        "node": ">=6"
      }
    },
    "node_modules/devlop": {
      "version": "1.1.0",
      "resolved": "https://registry.npmjs.org/devlop/-/devlop-1.1.0.tgz",
      "integrity": "sha512-RWmIqhcFf1lRYBvNmr7qTNuyCt/7/ns2jbpp1+PalgE/rDQcBT0fioSMUpJ93irlUhC5hrg4cYqe6U+0ImW0rA==",
      "dependencies": {
        "dequal": "^2.0.0"
      },
      "funding": {
        "type": "github",
        "url": "https://github.com/sponsors/wooorm"
      }
    },
    "node_modules/extend": {
      "version": "3.0.2",
      "resolved": "https://registry.npmjs.org/extend/-/extend-3.0.2.tgz",
      "integrity": "sha512-fjquC59cD7CyW6urNXK0FBufkZcoiGG80wTuPujX590cB5Ttln20E2UB4S/WARVqhXffZl2LNgS+gQdPIIim/g=="
    },
    "node_modules/glob-to-regexp": {
      "version": "0.4.1",
      "resolved": "https://registry.npmjs.org/glob-to-regexp/-/glob-to-regexp-0.4.1.tgz",
      "integrity": "sha512-lkX1HJXwyMcprw/5YUZc2s7DrpAiHB21/V+E1rHUrVNokkvB6bqMzT0VfV6/86ZNabt1k14YOIaT7nDvOX3Iiw=="
    },
    "node_modules/graceful-fs": {
      "version": "4.2.11",
      "resolved": "https://registry.npmjs.org/graceful-fs/-/graceful-fs-4.2.11.tgz",
      "integrity": "sha512-RbJ5/jmFcNNCcDV5o9eTnBLJ/HszWV0P73bc+Ff4nS/rJj+YaS6IGyiOL0VoBYX+l1Wrl3k63h/KrH+nhJ0XvQ=="
    },
    "node_modules/hast-util-to-jsx-runtime": {
      "version": "2.2.0",
      "resolved": "https://registry.npmjs.org/hast-util-to-jsx-runtime/-/hast-util-to-jsx-runtime-2.2.0.tgz",
      "integrity": "sha512-wSlp23N45CMjDg/BPW8zvhEi3R+8eRE1qFbjEyAUzMCzu2l1Wzwakq+Tlia9nkCtEl5mDxa7nKHsvYJ6Gfn21A==",
      "dependencies": {
        "@types/hast": "^3.0.0",
        "@types/unist": "^3.0.0",
        "comma-separated-tokens": "^2.0.0",
        "hast-util-whitespace": "^3.0.0",
        "property-information": "^6.0.0",
        "space-separated-tokens": "^2.0.0",
        "style-to-object": "^0.4.0",
        "unist-util-position": "^5.0.0",
        "vfile-message": "^4.0.0"
      },
      "funding": {
        "type": "opencollective",
        "url": "https://opencollective.com/unified"
      }
    },
    "node_modules/hast-util-whitespace": {
      "version": "3.0.0",
      "resolved": "https://registry.npmjs.org/hast-util-whitespace/-/hast-util-whitespace-3.0.0.tgz",
      "integrity": "sha512-88JUN06ipLwsnv+dVn+OIYOvAuvBMy/Qoi6O7mQHxdPXpjy+Cd6xRkWwux7DKO+4sYILtLBRIKgsdpS2gQc7qw==",
      "dependencies": {
        "@types/hast": "^3.0.0"
      },
      "funding": {
        "type": "opencollective",
        "url": "https://opencollective.com/unified"
      }
    },
    "node_modules/html-url-attributes": {
      "version": "3.0.0",
      "resolved": "https://registry.npmjs.org/html-url-attributes/-/html-url-attributes-3.0.0.tgz",
      "integrity": "sha512-/sXbVCWayk6GDVg3ctOX6nxaVj7So40FcFAnWlWGNAB1LpYKcV5Cd10APjPjW80O7zYW2MsjBV4zZ7IZO5fVow==",
      "funding": {
        "type": "opencollective",
        "url": "https://opencollective.com/unified"
      }
    },
    "node_modules/inline-style-parser": {
      "version": "0.1.1",
      "resolved": "https://registry.npmjs.org/inline-style-parser/-/inline-style-parser-0.1.1.tgz",
      "integrity": "sha512-7NXolsK4CAS5+xvdj5OMMbI962hU/wvwoxk+LWR9Ek9bVtyuuYScDN6eS0rUm6TxApFpw7CX1o4uJzcd4AyD3Q=="
    },
    "node_modules/is-plain-obj": {
      "version": "4.1.0",
      "resolved": "https://registry.npmjs.org/is-plain-obj/-/is-plain-obj-4.1.0.tgz",
      "integrity": "sha512-+Pgi+vMuUNkJyExiMBt5IlFoMyKnr5zhJ4Uspz58WOhBF5QoIZkFyNHIbBAtHwzVAgk5RtndVNsDRN61/mmDqg==",
      "engines": {
        "node": ">=12"
      },
      "funding": {
        "url": "https://github.com/sponsors/sindresorhus"
      }
    },
    "node_modules/js-tokens": {
      "version": "4.0.0",
      "resolved": "https://registry.npmjs.org/js-tokens/-/js-tokens-4.0.0.tgz",
      "integrity": "sha512-RdJUflcE3cUzKiMqQgsCu06FPu9UdIJO0beYbPhHN4k6apgJtifcoCtT9bcxOpYBtpD2kCM6Sbzg4CausW/PKQ=="
    },
    "node_modules/loose-envify": {
      "version": "1.4.0",
      "resolved": "https://registry.npmjs.org/loose-envify/-/loose-envify-1.4.0.tgz",
      "integrity": "sha512-lyuxPGr/Wfhrlem2CL/UcnUc1zcqKAImBDzukY7Y5F/yQiNdko6+fRLevlw1HgMySw7f611UIY408EtxRSoK3Q==",
      "dependencies": {
        "js-tokens": "^3.0.0 || ^4.0.0"
      },
      "bin": {
        "loose-envify": "cli.js"
      }
    },
    "node_modules/mdast-util-from-markdown": {
      "version": "2.0.0",
      "resolved": "https://registry.npmjs.org/mdast-util-from-markdown/-/mdast-util-from-markdown-2.0.0.tgz",
      "integrity": "sha512-n7MTOr/z+8NAX/wmhhDji8O3bRvPTV/U0oTCaZJkjhPSKTPhS3xufVhKGF8s1pJ7Ox4QgoIU7KHseh09S+9rTA==",
      "dependencies": {
        "@types/mdast": "^4.0.0",
        "@types/unist": "^3.0.0",
        "decode-named-character-reference": "^1.0.0",
        "devlop": "^1.0.0",
        "mdast-util-to-string": "^4.0.0",
        "micromark": "^4.0.0",
        "micromark-util-decode-numeric-character-reference": "^2.0.0",
        "micromark-util-decode-string": "^2.0.0",
        "micromark-util-normalize-identifier": "^2.0.0",
        "micromark-util-symbol": "^2.0.0",
        "micromark-util-types": "^2.0.0",
        "unist-util-stringify-position": "^4.0.0"
      },
      "funding": {
        "type": "opencollective",
        "url": "https://opencollective.com/unified"
      }
    },
    "node_modules/mdast-util-to-hast": {
      "version": "13.0.2",
      "resolved": "https://registry.npmjs.org/mdast-util-to-hast/-/mdast-util-to-hast-13.0.2.tgz",
      "integrity": "sha512-U5I+500EOOw9e3ZrclN3Is3fRpw8c19SMyNZlZ2IS+7vLsNzb2Om11VpIVOR+/0137GhZsFEF6YiKD5+0Hr2Og==",
      "dependencies": {
        "@types/hast": "^3.0.0",
        "@types/mdast": "^4.0.0",
        "@ungap/structured-clone": "^1.0.0",
        "devlop": "^1.0.0",
        "micromark-util-sanitize-uri": "^2.0.0",
        "trim-lines": "^3.0.0",
        "unist-util-position": "^5.0.0",
        "unist-util-visit": "^5.0.0"
      },
      "funding": {
        "type": "opencollective",
        "url": "https://opencollective.com/unified"
      }
    },
    "node_modules/mdast-util-to-string": {
      "version": "4.0.0",
      "resolved": "https://registry.npmjs.org/mdast-util-to-string/-/mdast-util-to-string-4.0.0.tgz",
      "integrity": "sha512-0H44vDimn51F0YwvxSJSm0eCDOJTRlmN0R1yBh4HLj9wiV1Dn0QoXGbvFAWj2hSItVTlCmBF1hqKlIyUBVFLPg==",
      "dependencies": {
        "@types/mdast": "^4.0.0"
      },
      "funding": {
        "type": "opencollective",
        "url": "https://opencollective.com/unified"
      }
    },
    "node_modules/micromark": {
      "version": "4.0.0",
      "resolved": "https://registry.npmjs.org/micromark/-/micromark-4.0.0.tgz",
      "integrity": "sha512-o/sd0nMof8kYff+TqcDx3VSrgBTcZpSvYcAHIfHhv5VAuNmisCxjhx6YmxS8PFEpb9z5WKWKPdzf0jM23ro3RQ==",
      "funding": [
        {
          "type": "GitHub Sponsors",
          "url": "https://github.com/sponsors/unifiedjs"
        },
        {
          "type": "OpenCollective",
          "url": "https://opencollective.com/unified"
        }
      ],
      "dependencies": {
        "@types/debug": "^4.0.0",
        "debug": "^4.0.0",
        "decode-named-character-reference": "^1.0.0",
        "devlop": "^1.0.0",
        "micromark-core-commonmark": "^2.0.0",
        "micromark-factory-space": "^2.0.0",
        "micromark-util-character": "^2.0.0",
        "micromark-util-chunked": "^2.0.0",
        "micromark-util-combine-extensions": "^2.0.0",
        "micromark-util-decode-numeric-character-reference": "^2.0.0",
        "micromark-util-encode": "^2.0.0",
        "micromark-util-normalize-identifier": "^2.0.0",
        "micromark-util-resolve-all": "^2.0.0",
        "micromark-util-sanitize-uri": "^2.0.0",
        "micromark-util-subtokenize": "^2.0.0",
        "micromark-util-symbol": "^2.0.0",
        "micromark-util-types": "^2.0.0"
      }
    },
    "node_modules/micromark-core-commonmark": {
      "version": "2.0.0",
      "resolved": "https://registry.npmjs.org/micromark-core-commonmark/-/micromark-core-commonmark-2.0.0.tgz",
      "integrity": "sha512-jThOz/pVmAYUtkroV3D5c1osFXAMv9e0ypGDOIZuCeAe91/sD6BoE2Sjzt30yuXtwOYUmySOhMas/PVyh02itA==",
      "funding": [
        {
          "type": "GitHub Sponsors",
          "url": "https://github.com/sponsors/unifiedjs"
        },
        {
          "type": "OpenCollective",
          "url": "https://opencollective.com/unified"
        }
      ],
      "dependencies": {
        "decode-named-character-reference": "^1.0.0",
        "devlop": "^1.0.0",
        "micromark-factory-destination": "^2.0.0",
        "micromark-factory-label": "^2.0.0",
        "micromark-factory-space": "^2.0.0",
        "micromark-factory-title": "^2.0.0",
        "micromark-factory-whitespace": "^2.0.0",
        "micromark-util-character": "^2.0.0",
        "micromark-util-chunked": "^2.0.0",
        "micromark-util-classify-character": "^2.0.0",
        "micromark-util-html-tag-name": "^2.0.0",
        "micromark-util-normalize-identifier": "^2.0.0",
        "micromark-util-resolve-all": "^2.0.0",
        "micromark-util-subtokenize": "^2.0.0",
        "micromark-util-symbol": "^2.0.0",
        "micromark-util-types": "^2.0.0"
      }
    },
    "node_modules/micromark-factory-destination": {
      "version": "2.0.0",
      "resolved": "https://registry.npmjs.org/micromark-factory-destination/-/micromark-factory-destination-2.0.0.tgz",
      "integrity": "sha512-j9DGrQLm/Uhl2tCzcbLhy5kXsgkHUrjJHg4fFAeoMRwJmJerT9aw4FEhIbZStWN8A3qMwOp1uzHr4UL8AInxtA==",
      "funding": [
        {
          "type": "GitHub Sponsors",
          "url": "https://github.com/sponsors/unifiedjs"
        },
        {
          "type": "OpenCollective",
          "url": "https://opencollective.com/unified"
        }
      ],
      "dependencies": {
        "micromark-util-character": "^2.0.0",
        "micromark-util-symbol": "^2.0.0",
        "micromark-util-types": "^2.0.0"
      }
    },
    "node_modules/micromark-factory-label": {
      "version": "2.0.0",
      "resolved": "https://registry.npmjs.org/micromark-factory-label/-/micromark-factory-label-2.0.0.tgz",
      "integrity": "sha512-RR3i96ohZGde//4WSe/dJsxOX6vxIg9TimLAS3i4EhBAFx8Sm5SmqVfR8E87DPSR31nEAjZfbt91OMZWcNgdZw==",
      "funding": [
        {
          "type": "GitHub Sponsors",
          "url": "https://github.com/sponsors/unifiedjs"
        },
        {
          "type": "OpenCollective",
          "url": "https://opencollective.com/unified"
        }
      ],
      "dependencies": {
        "devlop": "^1.0.0",
        "micromark-util-character": "^2.0.0",
        "micromark-util-symbol": "^2.0.0",
        "micromark-util-types": "^2.0.0"
      }
    },
    "node_modules/micromark-factory-space": {
      "version": "2.0.0",
      "resolved": "https://registry.npmjs.org/micromark-factory-space/-/micromark-factory-space-2.0.0.tgz",
      "integrity": "sha512-TKr+LIDX2pkBJXFLzpyPyljzYK3MtmllMUMODTQJIUfDGncESaqB90db9IAUcz4AZAJFdd8U9zOp9ty1458rxg==",
      "funding": [
        {
          "type": "GitHub Sponsors",
          "url": "https://github.com/sponsors/unifiedjs"
        },
        {
          "type": "OpenCollective",
          "url": "https://opencollective.com/unified"
        }
      ],
      "dependencies": {
        "micromark-util-character": "^2.0.0",
        "micromark-util-types": "^2.0.0"
      }
    },
    "node_modules/micromark-factory-title": {
      "version": "2.0.0",
      "resolved": "https://registry.npmjs.org/micromark-factory-title/-/micromark-factory-title-2.0.0.tgz",
      "integrity": "sha512-jY8CSxmpWLOxS+t8W+FG3Xigc0RDQA9bKMY/EwILvsesiRniiVMejYTE4wumNc2f4UbAa4WsHqe3J1QS1sli+A==",
      "funding": [
        {
          "type": "GitHub Sponsors",
          "url": "https://github.com/sponsors/unifiedjs"
        },
        {
          "type": "OpenCollective",
          "url": "https://opencollective.com/unified"
        }
      ],
      "dependencies": {
        "micromark-factory-space": "^2.0.0",
        "micromark-util-character": "^2.0.0",
        "micromark-util-symbol": "^2.0.0",
        "micromark-util-types": "^2.0.0"
      }
    },
    "node_modules/micromark-factory-whitespace": {
      "version": "2.0.0",
      "resolved": "https://registry.npmjs.org/micromark-factory-whitespace/-/micromark-factory-whitespace-2.0.0.tgz",
      "integrity": "sha512-28kbwaBjc5yAI1XadbdPYHX/eDnqaUFVikLwrO7FDnKG7lpgxnvk/XGRhX/PN0mOZ+dBSZ+LgunHS+6tYQAzhA==",
      "funding": [
        {
          "type": "GitHub Sponsors",
          "url": "https://github.com/sponsors/unifiedjs"
        },
        {
          "type": "OpenCollective",
          "url": "https://opencollective.com/unified"
        }
      ],
      "dependencies": {
        "micromark-factory-space": "^2.0.0",
        "micromark-util-character": "^2.0.0",
        "micromark-util-symbol": "^2.0.0",
        "micromark-util-types": "^2.0.0"
      }
    },
    "node_modules/micromark-util-character": {
      "version": "2.0.1",
      "resolved": "https://registry.npmjs.org/micromark-util-character/-/micromark-util-character-2.0.1.tgz",
      "integrity": "sha512-3wgnrmEAJ4T+mGXAUfMvMAbxU9RDG43XmGce4j6CwPtVxB3vfwXSZ6KhFwDzZ3mZHhmPimMAXg71veiBGzeAZw==",
      "funding": [
        {
          "type": "GitHub Sponsors",
          "url": "https://github.com/sponsors/unifiedjs"
        },
        {
          "type": "OpenCollective",
          "url": "https://opencollective.com/unified"
        }
      ],
      "dependencies": {
        "micromark-util-symbol": "^2.0.0",
        "micromark-util-types": "^2.0.0"
      }
    },
    "node_modules/micromark-util-chunked": {
      "version": "2.0.0",
      "resolved": "https://registry.npmjs.org/micromark-util-chunked/-/micromark-util-chunked-2.0.0.tgz",
      "integrity": "sha512-anK8SWmNphkXdaKgz5hJvGa7l00qmcaUQoMYsBwDlSKFKjc6gjGXPDw3FNL3Nbwq5L8gE+RCbGqTw49FK5Qyvg==",
      "funding": [
        {
          "type": "GitHub Sponsors",
          "url": "https://github.com/sponsors/unifiedjs"
        },
        {
          "type": "OpenCollective",
          "url": "https://opencollective.com/unified"
        }
      ],
      "dependencies": {
        "micromark-util-symbol": "^2.0.0"
      }
    },
    "node_modules/micromark-util-classify-character": {
      "version": "2.0.0",
      "resolved": "https://registry.npmjs.org/micromark-util-classify-character/-/micromark-util-classify-character-2.0.0.tgz",
      "integrity": "sha512-S0ze2R9GH+fu41FA7pbSqNWObo/kzwf8rN/+IGlW/4tC6oACOs8B++bh+i9bVyNnwCcuksbFwsBme5OCKXCwIw==",
      "funding": [
        {
          "type": "GitHub Sponsors",
          "url": "https://github.com/sponsors/unifiedjs"
        },
        {
          "type": "OpenCollective",
          "url": "https://opencollective.com/unified"
        }
      ],
      "dependencies": {
        "micromark-util-character": "^2.0.0",
        "micromark-util-symbol": "^2.0.0",
        "micromark-util-types": "^2.0.0"
      }
    },
    "node_modules/micromark-util-combine-extensions": {
      "version": "2.0.0",
      "resolved": "https://registry.npmjs.org/micromark-util-combine-extensions/-/micromark-util-combine-extensions-2.0.0.tgz",
      "integrity": "sha512-vZZio48k7ON0fVS3CUgFatWHoKbbLTK/rT7pzpJ4Bjp5JjkZeasRfrS9wsBdDJK2cJLHMckXZdzPSSr1B8a4oQ==",
      "funding": [
        {
          "type": "GitHub Sponsors",
          "url": "https://github.com/sponsors/unifiedjs"
        },
        {
          "type": "OpenCollective",
          "url": "https://opencollective.com/unified"
        }
      ],
      "dependencies": {
        "micromark-util-chunked": "^2.0.0",
        "micromark-util-types": "^2.0.0"
      }
    },
    "node_modules/micromark-util-decode-numeric-character-reference": {
      "version": "2.0.0",
      "resolved": "https://registry.npmjs.org/micromark-util-decode-numeric-character-reference/-/micromark-util-decode-numeric-character-reference-2.0.0.tgz",
      "integrity": "sha512-pIgcsGxpHEtTG/rPJRz/HOLSqp5VTuIIjXlPI+6JSDlK2oljApusG6KzpS8AF0ENUMCHlC/IBb5B9xdFiVlm5Q==",
      "funding": [
        {
          "type": "GitHub Sponsors",
          "url": "https://github.com/sponsors/unifiedjs"
        },
        {
          "type": "OpenCollective",
          "url": "https://opencollective.com/unified"
        }
      ],
      "dependencies": {
        "micromark-util-symbol": "^2.0.0"
      }
    },
    "node_modules/micromark-util-decode-string": {
      "version": "2.0.0",
      "resolved": "https://registry.npmjs.org/micromark-util-decode-string/-/micromark-util-decode-string-2.0.0.tgz",
      "integrity": "sha512-r4Sc6leeUTn3P6gk20aFMj2ntPwn6qpDZqWvYmAG6NgvFTIlj4WtrAudLi65qYoaGdXYViXYw2pkmn7QnIFasA==",
      "funding": [
        {
          "type": "GitHub Sponsors",
          "url": "https://github.com/sponsors/unifiedjs"
        },
        {
          "type": "OpenCollective",
          "url": "https://opencollective.com/unified"
        }
      ],
      "dependencies": {
        "decode-named-character-reference": "^1.0.0",
        "micromark-util-character": "^2.0.0",
        "micromark-util-decode-numeric-character-reference": "^2.0.0",
        "micromark-util-symbol": "^2.0.0"
      }
    },
    "node_modules/micromark-util-encode": {
      "version": "2.0.0",
      "resolved": "https://registry.npmjs.org/micromark-util-encode/-/micromark-util-encode-2.0.0.tgz",
      "integrity": "sha512-pS+ROfCXAGLWCOc8egcBvT0kf27GoWMqtdarNfDcjb6YLuV5cM3ioG45Ys2qOVqeqSbjaKg72vU+Wby3eddPsA==",
      "funding": [
        {
          "type": "GitHub Sponsors",
          "url": "https://github.com/sponsors/unifiedjs"
        },
        {
          "type": "OpenCollective",
          "url": "https://opencollective.com/unified"
        }
      ]
    },
    "node_modules/micromark-util-html-tag-name": {
      "version": "2.0.0",
      "resolved": "https://registry.npmjs.org/micromark-util-html-tag-name/-/micromark-util-html-tag-name-2.0.0.tgz",
      "integrity": "sha512-xNn4Pqkj2puRhKdKTm8t1YHC/BAjx6CEwRFXntTaRf/x16aqka6ouVoutm+QdkISTlT7e2zU7U4ZdlDLJd2Mcw==",
      "funding": [
        {
          "type": "GitHub Sponsors",
          "url": "https://github.com/sponsors/unifiedjs"
        },
        {
          "type": "OpenCollective",
          "url": "https://opencollective.com/unified"
        }
      ]
    },
    "node_modules/micromark-util-normalize-identifier": {
      "version": "2.0.0",
      "resolved": "https://registry.npmjs.org/micromark-util-normalize-identifier/-/micromark-util-normalize-identifier-2.0.0.tgz",
      "integrity": "sha512-2xhYT0sfo85FMrUPtHcPo2rrp1lwbDEEzpx7jiH2xXJLqBuy4H0GgXk5ToU8IEwoROtXuL8ND0ttVa4rNqYK3w==",
      "funding": [
        {
          "type": "GitHub Sponsors",
          "url": "https://github.com/sponsors/unifiedjs"
        },
        {
          "type": "OpenCollective",
          "url": "https://opencollective.com/unified"
        }
      ],
      "dependencies": {
        "micromark-util-symbol": "^2.0.0"
      }
    },
    "node_modules/micromark-util-resolve-all": {
      "version": "2.0.0",
      "resolved": "https://registry.npmjs.org/micromark-util-resolve-all/-/micromark-util-resolve-all-2.0.0.tgz",
      "integrity": "sha512-6KU6qO7DZ7GJkaCgwBNtplXCvGkJToU86ybBAUdavvgsCiG8lSSvYxr9MhwmQ+udpzywHsl4RpGJsYWG1pDOcA==",
      "funding": [
        {
          "type": "GitHub Sponsors",
          "url": "https://github.com/sponsors/unifiedjs"
        },
        {
          "type": "OpenCollective",
          "url": "https://opencollective.com/unified"
        }
      ],
      "dependencies": {
        "micromark-util-types": "^2.0.0"
      }
    },
    "node_modules/micromark-util-sanitize-uri": {
      "version": "2.0.0",
      "resolved": "https://registry.npmjs.org/micromark-util-sanitize-uri/-/micromark-util-sanitize-uri-2.0.0.tgz",
      "integrity": "sha512-WhYv5UEcZrbAtlsnPuChHUAsu/iBPOVaEVsntLBIdpibO0ddy8OzavZz3iL2xVvBZOpolujSliP65Kq0/7KIYw==",
      "funding": [
        {
          "type": "GitHub Sponsors",
          "url": "https://github.com/sponsors/unifiedjs"
        },
        {
          "type": "OpenCollective",
          "url": "https://opencollective.com/unified"
        }
      ],
      "dependencies": {
        "micromark-util-character": "^2.0.0",
        "micromark-util-encode": "^2.0.0",
        "micromark-util-symbol": "^2.0.0"
      }
    },
    "node_modules/micromark-util-subtokenize": {
      "version": "2.0.0",
      "resolved": "https://registry.npmjs.org/micromark-util-subtokenize/-/micromark-util-subtokenize-2.0.0.tgz",
      "integrity": "sha512-vc93L1t+gpR3p8jxeVdaYlbV2jTYteDje19rNSS/H5dlhxUYll5Fy6vJ2cDwP8RnsXi818yGty1ayP55y3W6fg==",
      "funding": [
        {
          "type": "GitHub Sponsors",
          "url": "https://github.com/sponsors/unifiedjs"
        },
        {
          "type": "OpenCollective",
          "url": "https://opencollective.com/unified"
        }
      ],
      "dependencies": {
        "devlop": "^1.0.0",
        "micromark-util-chunked": "^2.0.0",
        "micromark-util-symbol": "^2.0.0",
        "micromark-util-types": "^2.0.0"
      }
    },
    "node_modules/micromark-util-symbol": {
      "version": "2.0.0",
      "resolved": "https://registry.npmjs.org/micromark-util-symbol/-/micromark-util-symbol-2.0.0.tgz",
      "integrity": "sha512-8JZt9ElZ5kyTnO94muPxIGS8oyElRJaiJO8EzV6ZSyGQ1Is8xwl4Q45qU5UOg+bGH4AikWziz0iN4sFLWs8PGw==",
      "funding": [
        {
          "type": "GitHub Sponsors",
          "url": "https://github.com/sponsors/unifiedjs"
        },
        {
          "type": "OpenCollective",
          "url": "https://opencollective.com/unified"
        }
      ]
    },
    "node_modules/micromark-util-types": {
      "version": "2.0.0",
      "resolved": "https://registry.npmjs.org/micromark-util-types/-/micromark-util-types-2.0.0.tgz",
      "integrity": "sha512-oNh6S2WMHWRZrmutsRmDDfkzKtxF+bc2VxLC9dvtrDIRFln627VsFP6fLMgTryGDljgLPjkrzQSDcPrjPyDJ5w==",
      "funding": [
        {
          "type": "GitHub Sponsors",
          "url": "https://github.com/sponsors/unifiedjs"
        },
        {
          "type": "OpenCollective",
          "url": "https://opencollective.com/unified"
        }
      ]
    },
    "node_modules/ms": {
      "version": "2.1.2",
      "resolved": "https://registry.npmjs.org/ms/-/ms-2.1.2.tgz",
      "integrity": "sha512-sGkPx+VjMtmA6MX27oA4FBFELFCZZ4S4XqeGOXCv68tT+jb3vk/RyaKWP0PTKyWtmLSM0b+adUTEvbs1PEaH2w=="
    },
    "node_modules/nanoid": {
      "version": "3.3.6",
      "resolved": "https://registry.npmjs.org/nanoid/-/nanoid-3.3.6.tgz",
      "integrity": "sha512-BGcqMMJuToF7i1rt+2PWSNVnWIkGCU78jBG3RxO/bZlnZPK2Cmi2QaffxGO/2RvWi9sL+FAiRiXMgsyxQ1DIDA==",
      "funding": [
        {
          "type": "github",
          "url": "https://github.com/sponsors/ai"
        }
      ],
      "bin": {
        "nanoid": "bin/nanoid.cjs"
      },
      "engines": {
        "node": "^10 || ^12 || ^13.7 || ^14 || >=15.0.1"
      }
    },
    "node_modules/next": {
      "version": "13.5.4",
      "resolved": "https://registry.npmjs.org/next/-/next-13.5.4.tgz",
      "integrity": "sha512-+93un5S779gho8y9ASQhb/bTkQF17FNQOtXLKAj3lsNgltEcF0C5PMLLncDmH+8X1EnJH1kbqAERa29nRXqhjA==",
      "dependencies": {
        "@next/env": "13.5.4",
        "@swc/helpers": "0.5.2",
        "busboy": "1.6.0",
        "caniuse-lite": "^1.0.30001406",
        "postcss": "8.4.31",
        "styled-jsx": "5.1.1",
        "watchpack": "2.4.0"
      },
      "bin": {
        "next": "dist/bin/next"
      },
      "engines": {
        "node": ">=16.14.0"
      },
      "optionalDependencies": {
        "@next/swc-darwin-arm64": "13.5.4",
        "@next/swc-darwin-x64": "13.5.4",
        "@next/swc-linux-arm64-gnu": "13.5.4",
        "@next/swc-linux-arm64-musl": "13.5.4",
        "@next/swc-linux-x64-gnu": "13.5.4",
        "@next/swc-linux-x64-musl": "13.5.4",
        "@next/swc-win32-arm64-msvc": "13.5.4",
        "@next/swc-win32-ia32-msvc": "13.5.4",
        "@next/swc-win32-x64-msvc": "13.5.4"
      },
      "peerDependencies": {
        "@opentelemetry/api": "^1.1.0",
        "react": "^18.2.0",
        "react-dom": "^18.2.0",
        "sass": "^1.3.0"
      },
      "peerDependenciesMeta": {
        "@opentelemetry/api": {
          "optional": true
        },
        "sass": {
          "optional": true
        }
      }
    },
    "node_modules/picocolors": {
      "version": "1.0.0",
      "resolved": "https://registry.npmjs.org/picocolors/-/picocolors-1.0.0.tgz",
      "integrity": "sha512-1fygroTLlHu66zi26VoTDv8yRgm0Fccecssto+MhsZ0D/DGW2sm8E8AjW7NU5VVTRt5GxbeZ5qBuJr+HyLYkjQ=="
    },
    "node_modules/postcss": {
      "version": "8.4.31",
      "resolved": "https://registry.npmjs.org/postcss/-/postcss-8.4.31.tgz",
      "integrity": "sha512-PS08Iboia9mts/2ygV3eLpY5ghnUcfLV/EXTOW1E2qYxJKGGBUtNjN76FYHnMs36RmARn41bC0AZmn+rR0OVpQ==",
      "funding": [
        {
          "type": "opencollective",
          "url": "https://opencollective.com/postcss/"
        },
        {
          "type": "tidelift",
          "url": "https://tidelift.com/funding/github/npm/postcss"
        },
        {
          "type": "github",
          "url": "https://github.com/sponsors/ai"
        }
      ],
      "dependencies": {
        "nanoid": "^3.3.6",
        "picocolors": "^1.0.0",
        "source-map-js": "^1.0.2"
      },
      "engines": {
        "node": "^10 || ^12 || >=14"
      }
    },
    "node_modules/property-information": {
      "version": "6.3.0",
      "resolved": "https://registry.npmjs.org/property-information/-/property-information-6.3.0.tgz",
      "integrity": "sha512-gVNZ74nqhRMiIUYWGQdosYetaKc83x8oT41a0LlV3AAFCAZwCpg4vmGkq8t34+cUhp3cnM4XDiU/7xlgK7HGrg==",
      "funding": {
        "type": "github",
        "url": "https://github.com/sponsors/wooorm"
      }
    },
    "node_modules/react": {
      "version": "18.2.0",
      "resolved": "https://registry.npmjs.org/react/-/react-18.2.0.tgz",
      "integrity": "sha512-/3IjMdb2L9QbBdWiW5e3P2/npwMBaU9mHCSCUzNln0ZCYbcfTsGbTJrU/kGemdH2IWmB2ioZ+zkxtmq6g09fGQ==",
      "dependencies": {
        "loose-envify": "^1.1.0"
      },
      "engines": {
        "node": ">=0.10.0"
      }
    },
    "node_modules/react-dom": {
      "version": "18.2.0",
      "resolved": "https://registry.npmjs.org/react-dom/-/react-dom-18.2.0.tgz",
      "integrity": "sha512-6IMTriUmvsjHUjNtEDudZfuDQUoWXVxKHhlEGSk81n4YFS+r/Kl99wXiwlVXtPBtJenozv2P+hxDsw9eA7Xo6g==",
      "dependencies": {
        "loose-envify": "^1.1.0",
        "scheduler": "^0.23.0"
      },
      "peerDependencies": {
        "react": "^18.2.0"
      }
    },
    "node_modules/react-markdown": {
      "version": "9.0.0",
      "resolved": "https://registry.npmjs.org/react-markdown/-/react-markdown-9.0.0.tgz",
      "integrity": "sha512-v6yNf3AB8GfJ8lCpUvzxAXKxgsHpdmWPlcVRQ6Nocsezp255E/IDrF31kLQsPJeB/cKto/geUwjU36wH784FCA==",
      "dependencies": {
        "@types/hast": "^3.0.0",
        "devlop": "^1.0.0",
        "hast-util-to-jsx-runtime": "^2.0.0",
        "html-url-attributes": "^3.0.0",
        "mdast-util-to-hast": "^13.0.0",
        "micromark-util-sanitize-uri": "^2.0.0",
        "remark-parse": "^11.0.0",
        "remark-rehype": "^11.0.0",
        "unified": "^11.0.0",
        "unist-util-visit": "^5.0.0",
        "vfile": "^6.0.0"
      },
      "funding": {
        "type": "opencollective",
        "url": "https://opencollective.com/unified"
      },
      "peerDependencies": {
        "@types/react": ">=18",
        "react": ">=18"
      }
    },
    "node_modules/remark-parse": {
      "version": "11.0.0",
      "resolved": "https://registry.npmjs.org/remark-parse/-/remark-parse-11.0.0.tgz",
      "integrity": "sha512-FCxlKLNGknS5ba/1lmpYijMUzX2esxW5xQqjWxw2eHFfS2MSdaHVINFmhjo+qN1WhZhNimq0dZATN9pH0IDrpA==",
      "dependencies": {
        "@types/mdast": "^4.0.0",
        "mdast-util-from-markdown": "^2.0.0",
        "micromark-util-types": "^2.0.0",
        "unified": "^11.0.0"
      },
      "funding": {
        "type": "opencollective",
        "url": "https://opencollective.com/unified"
      }
    },
    "node_modules/remark-rehype": {
      "version": "11.0.0",
      "resolved": "https://registry.npmjs.org/remark-rehype/-/remark-rehype-11.0.0.tgz",
      "integrity": "sha512-vx8x2MDMcxuE4lBmQ46zYUDfcFMmvg80WYX+UNLeG6ixjdCCLcw1lrgAukwBTuOFsS78eoAedHGn9sNM0w7TPw==",
      "dependencies": {
        "@types/hast": "^3.0.0",
        "@types/mdast": "^4.0.0",
        "mdast-util-to-hast": "^13.0.0",
        "unified": "^11.0.0",
        "vfile": "^6.0.0"
      },
      "funding": {
        "type": "opencollective",
        "url": "https://opencollective.com/unified"
      }
    },
    "node_modules/scheduler": {
      "version": "0.23.0",
      "resolved": "https://registry.npmjs.org/scheduler/-/scheduler-0.23.0.tgz",
      "integrity": "sha512-CtuThmgHNg7zIZWAXi3AsyIzA3n4xx7aNyjwC2VJldO2LMVDhFK+63xGqq6CsJH4rTAt6/M+N4GhZiDYPx9eUw==",
      "dependencies": {
        "loose-envify": "^1.1.0"
      }
    },
    "node_modules/source-map-js": {
      "version": "1.0.2",
      "resolved": "https://registry.npmjs.org/source-map-js/-/source-map-js-1.0.2.tgz",
      "integrity": "sha512-R0XvVJ9WusLiqTCEiGCmICCMplcCkIwwR11mOSD9CR5u+IXYdiseeEuXCVAjS54zqwkLcPNnmU4OeJ6tUrWhDw==",
      "engines": {
        "node": ">=0.10.0"
      }
    },
    "node_modules/space-separated-tokens": {
      "version": "2.0.2",
      "resolved": "https://registry.npmjs.org/space-separated-tokens/-/space-separated-tokens-2.0.2.tgz",
      "integrity": "sha512-PEGlAwrG8yXGXRjW32fGbg66JAlOAwbObuqVoJpv/mRgoWDQfgH1wDPvtzWyUSNAXBGSk8h755YDbbcEy3SH2Q==",
      "funding": {
        "type": "github",
        "url": "https://github.com/sponsors/wooorm"
      }
    },
    "node_modules/streamsearch": {
      "version": "1.1.0",
      "resolved": "https://registry.npmjs.org/streamsearch/-/streamsearch-1.1.0.tgz",
      "integrity": "sha512-Mcc5wHehp9aXz1ax6bZUyY5afg9u2rv5cqQI3mRrYkGC8rW2hM02jWuwjtL++LS5qinSyhj2QfLyNsuc+VsExg==",
      "engines": {
        "node": ">=10.0.0"
      }
    },
    "node_modules/style-to-object": {
      "version": "0.4.2",
      "resolved": "https://registry.npmjs.org/style-to-object/-/style-to-object-0.4.2.tgz",
      "integrity": "sha512-1JGpfPB3lo42ZX8cuPrheZbfQ6kqPPnPHlKMyeRYtfKD+0jG+QsXgXN57O/dvJlzlB2elI6dGmrPnl5VPQFPaA==",
      "dependencies": {
        "inline-style-parser": "0.1.1"
      }
    },
    "node_modules/styled-jsx": {
      "version": "5.1.1",
      "resolved": "https://registry.npmjs.org/styled-jsx/-/styled-jsx-5.1.1.tgz",
      "integrity": "sha512-pW7uC1l4mBZ8ugbiZrcIsiIvVx1UmTfw7UkC3Um2tmfUq9Bhk8IiyEIPl6F8agHgjzku6j0xQEZbfA5uSgSaCw==",
      "dependencies": {
        "client-only": "0.0.1"
      },
      "engines": {
        "node": ">= 12.0.0"
      },
      "peerDependencies": {
        "react": ">= 16.8.0 || 17.x.x || ^18.0.0-0"
      },
      "peerDependenciesMeta": {
        "@babel/core": {
          "optional": true
        },
        "babel-plugin-macros": {
          "optional": true
        }
      }
    },
    "node_modules/trim-lines": {
      "version": "3.0.1",
      "resolved": "https://registry.npmjs.org/trim-lines/-/trim-lines-3.0.1.tgz",
      "integrity": "sha512-kRj8B+YHZCc9kQYdWfJB2/oUl9rA99qbowYYBtr4ui4mZyAQ2JpvVBd/6U2YloATfqBhBTSMhTpgBHtU0Mf3Rg==",
      "funding": {
        "type": "github",
        "url": "https://github.com/sponsors/wooorm"
      }
    },
    "node_modules/trough": {
      "version": "2.1.0",
      "resolved": "https://registry.npmjs.org/trough/-/trough-2.1.0.tgz",
      "integrity": "sha512-AqTiAOLcj85xS7vQ8QkAV41hPDIJ71XJB4RCUrzo/1GM2CQwhkJGaf9Hgr7BOugMRpgGUrqRg/DrBDl4H40+8g==",
      "funding": {
        "type": "github",
        "url": "https://github.com/sponsors/wooorm"
      }
    },
    "node_modules/tslib": {
      "version": "2.6.2",
      "resolved": "https://registry.npmjs.org/tslib/-/tslib-2.6.2.tgz",
      "integrity": "sha512-AEYxH93jGFPn/a2iVAwW87VuUIkR1FVUKB77NwMF7nBTDkDrrT/Hpt/IrCJ0QXhW27jTBDcf5ZY7w6RiqTMw2Q=="
    },
    "node_modules/typescript": {
      "version": "5.2.2",
      "resolved": "https://registry.npmjs.org/typescript/-/typescript-5.2.2.tgz",
      "integrity": "sha512-mI4WrpHsbCIcwT9cF4FZvr80QUeKvsUsUvKDoR+X/7XHQH98xYD8YHZg7ANtz2GtZt/CBq2QJ0thkGJMHfqc1w==",
      "dev": true,
      "bin": {
        "tsc": "bin/tsc",
        "tsserver": "bin/tsserver"
      },
      "engines": {
        "node": ">=14.17"
      }
    },
    "node_modules/unified": {
      "version": "11.0.3",
      "resolved": "https://registry.npmjs.org/unified/-/unified-11.0.3.tgz",
      "integrity": "sha512-jlCV402P+YDcFcB2VcN/n8JasOddqIiaxv118wNBoZXEhOn+lYG7BR4Bfg2BwxvlK58dwbuH2w7GX2esAjL6Mg==",
      "dependencies": {
        "@types/unist": "^3.0.0",
        "bail": "^2.0.0",
        "devlop": "^1.0.0",
        "extend": "^3.0.0",
        "is-plain-obj": "^4.0.0",
        "trough": "^2.0.0",
        "vfile": "^6.0.0"
      },
      "funding": {
        "type": "opencollective",
        "url": "https://opencollective.com/unified"
      }
    },
    "node_modules/unist-util-is": {
      "version": "6.0.0",
      "resolved": "https://registry.npmjs.org/unist-util-is/-/unist-util-is-6.0.0.tgz",
      "integrity": "sha512-2qCTHimwdxLfz+YzdGfkqNlH0tLi9xjTnHddPmJwtIG9MGsdbutfTc4P+haPD7l7Cjxf/WZj+we5qfVPvvxfYw==",
      "dependencies": {
        "@types/unist": "^3.0.0"
      },
      "funding": {
        "type": "opencollective",
        "url": "https://opencollective.com/unified"
      }
    },
    "node_modules/unist-util-position": {
      "version": "5.0.0",
      "resolved": "https://registry.npmjs.org/unist-util-position/-/unist-util-position-5.0.0.tgz",
      "integrity": "sha512-fucsC7HjXvkB5R3kTCO7kUjRdrS0BJt3M/FPxmHMBOm8JQi2BsHAHFsy27E0EolP8rp0NzXsJ+jNPyDWvOJZPA==",
      "dependencies": {
        "@types/unist": "^3.0.0"
      },
      "funding": {
        "type": "opencollective",
        "url": "https://opencollective.com/unified"
      }
    },
    "node_modules/unist-util-stringify-position": {
      "version": "4.0.0",
      "resolved": "https://registry.npmjs.org/unist-util-stringify-position/-/unist-util-stringify-position-4.0.0.tgz",
      "integrity": "sha512-0ASV06AAoKCDkS2+xw5RXJywruurpbC4JZSm7nr7MOt1ojAzvyyaO+UxZf18j8FCF6kmzCZKcAgN/yu2gm2XgQ==",
      "dependencies": {
        "@types/unist": "^3.0.0"
      },
      "funding": {
        "type": "opencollective",
        "url": "https://opencollective.com/unified"
      }
    },
    "node_modules/unist-util-visit": {
      "version": "5.0.0",
      "resolved": "https://registry.npmjs.org/unist-util-visit/-/unist-util-visit-5.0.0.tgz",
      "integrity": "sha512-MR04uvD+07cwl/yhVuVWAtw+3GOR/knlL55Nd/wAdblk27GCVt3lqpTivy/tkJcZoNPzTwS1Y+KMojlLDhoTzg==",
      "dependencies": {
        "@types/unist": "^3.0.0",
        "unist-util-is": "^6.0.0",
        "unist-util-visit-parents": "^6.0.0"
      },
      "funding": {
        "type": "opencollective",
        "url": "https://opencollective.com/unified"
      }
    },
    "node_modules/unist-util-visit-parents": {
      "version": "6.0.1",
      "resolved": "https://registry.npmjs.org/unist-util-visit-parents/-/unist-util-visit-parents-6.0.1.tgz",
      "integrity": "sha512-L/PqWzfTP9lzzEa6CKs0k2nARxTdZduw3zyh8d2NVBnsyvHjSX4TWse388YrrQKbvI8w20fGjGlhgT96WwKykw==",
      "dependencies": {
        "@types/unist": "^3.0.0",
        "unist-util-is": "^6.0.0"
      },
      "funding": {
        "type": "opencollective",
        "url": "https://opencollective.com/unified"
      }
    },
    "node_modules/vfile": {
      "version": "6.0.1",
      "resolved": "https://registry.npmjs.org/vfile/-/vfile-6.0.1.tgz",
      "integrity": "sha512-1bYqc7pt6NIADBJ98UiG0Bn/CHIVOoZ/IyEkqIruLg0mE1BKzkOXY2D6CSqQIcKqgadppE5lrxgWXJmXd7zZJw==",
      "dependencies": {
        "@types/unist": "^3.0.0",
        "unist-util-stringify-position": "^4.0.0",
        "vfile-message": "^4.0.0"
      },
      "funding": {
        "type": "opencollective",
        "url": "https://opencollective.com/unified"
      }
    },
    "node_modules/vfile-message": {
      "version": "4.0.2",
      "resolved": "https://registry.npmjs.org/vfile-message/-/vfile-message-4.0.2.tgz",
      "integrity": "sha512-jRDZ1IMLttGj41KcZvlrYAaI3CfqpLpfpf+Mfig13viT6NKvRzWZ+lXz0Y5D60w6uJIBAOGq9mSHf0gktF0duw==",
      "dependencies": {
        "@types/unist": "^3.0.0",
        "unist-util-stringify-position": "^4.0.0"
      },
      "funding": {
        "type": "opencollective",
        "url": "https://opencollective.com/unified"
      }
    },
    "node_modules/watchpack": {
      "version": "2.4.0",
      "resolved": "https://registry.npmjs.org/watchpack/-/watchpack-2.4.0.tgz",
      "integrity": "sha512-Lcvm7MGST/4fup+ifyKi2hjyIAwcdI4HRgtvTpIUxBRhB+RFtUh8XtDOxUfctVCnhVi+QQj49i91OyvzkJl6cg==",
      "dependencies": {
        "glob-to-regexp": "^0.4.1",
        "graceful-fs": "^4.1.2"
      },
      "engines": {
        "node": ">=10.13.0"
      }
    }
  }
}
